
Microsoft Visual Studio Solution File, Format Version 12.00
# Visual Studio Version 17
VisualStudioVersion = 17.9.34622.214
MinimumVisualStudioVersion = 10.0.40219.1
Project("{FAE04EC0-301F-11D3-BF4B-00C04F79EFBC}") = "C# Chess Board 12", "C# Chess Board 12\C# Chess Board 12.csproj", "{322968F7-FEC9-4D48-AA73-3BA9E6F769D8}"
EndProject
Global
	GlobalSection(SolutionConfigurationPlatforms) = preSolution
		Debug|Any CPU = Debug|Any CPU
		Release|Any CPU = Release|Any CPU
	EndGlobalSection
	GlobalSection(ProjectConfigurationPlatforms) = postSolution
		{322968F7-FEC9-4D48-AA73-3BA9E6F769D8}.Debug|Any CPU.ActiveCfg = Debug|Any CPU
		{322968F7-FEC9-4D48-AA73-3BA9E6F769D8}.Debug|Any CPU.Build.0 = Debug|Any CPU
		{322968F7-FEC9-4D48-AA73-3BA9E6F769D8}.Release|Any CPU.ActiveCfg = Release|Any CPU
		{322968F7-FEC9-4D48-AA73-3BA9E6F769D8}.Release|Any CPU.Build.0 = Release|Any CPU
	EndGlobalSection
	GlobalSection(SolutionProperties) = preSolution
		HideSolutionNode = FALSE
	EndGlobalSection
	GlobalSection(ExtensibilityGlobals) = postSolution
		SolutionGuid = {AE14A729-A130-47BE-B05F-D68068F0B270}
	EndGlobalSection
EndGlobal
